Microsoft Visual Studio Solution File, Format Version 12.00
# Visual Studio Version 17
VisualStudioVersion = 17.5.2.0
MinimumVisualStudioVersion = 10.0.40219.1
Project("{FAE04EC0-301F-11D3-BF4B-00C04F79EFBC}") = "DemoApi_TypeGen_NSwag_Starter", "DemoApi_TypeGen_NSwag_Starter.csproj", "{1A70A9EF-702C-1688-2FE9-26C535696DFC}"
EndProject
Global
	GlobalSection(SolutionConfigurationPlatforms) = preSolution
		Debug|Any CPU = Debug|Any CPU
		Release|Any CPU = Release|Any CPU
	EndGlobalSection
	GlobalSection(ProjectConfigurationPlatforms) = postSolution
		{1A70A9EF-702C-1688-2FE9-26C535696DFC}.Debug|Any CPU.ActiveCfg = Debug|Any CPU
		{1A70A9EF-702C-1688-2FE9-26C535696DFC}.Debug|Any CPU.Build.0 = Debug|Any CPU
		{1A70A9EF-702C-1688-2FE9-26C535696DFC}.Release|Any CPU.ActiveCfg = Release|Any CPU
		{1A70A9EF-702C-1688-2FE9-26C535696DFC}.Release|Any CPU.Build.0 = Release|Any CPU
	EndGlobalSection
	GlobalSection(SolutionProperties) = preSolution
		HideSolutionNode = FALSE
	EndGlobalSection
	GlobalSection(ExtensibilityGlobals) = postSolution
		SolutionGuid = {BADB11EB-2B15-4BF1-A912-67498AC50E44}
	EndGlobalSection
EndGlobal
